
Microsoft Visual Studio Solution File, Format Version 12.00
# Visual Studio 15
VisualStudioVersion = 15.0.28307.489
MinimumVisualStudioVersion = 10.0.40219.1
Project("{FAE04EC0-301F-11D3-BF4B-00C04F79EFBC}") = "A.2. SeriesSum", "A.2. Series Sum\A.2. SeriesSum.csproj", "{9E5659F1-53EE-497C-85B2-D888228BBB64}"
EndProject
Project("{FAE04EC0-301F-11D3-BF4B-00C04F79EFBC}") = "B.1. Buy Game", "B.1. Buy Game\B.1. Buy Game.csproj", "{C8B3B44D-1D3F-4732-986D-463DFF8BCA04}"
EndProject
Project("{FAE04EC0-301F-11D3-BF4B-00C04F79EFBC}") = "C.2. LessThanColoring", "C.2. Less Than Coloring\C.2. LessThanColoring.csproj", "{F0F3CCE1-9148-47FA-9A10-EB6B28A18DB9}"
EndProject
Global
	GlobalSection(SolutionConfigurationPlatforms) = preSolution
		Debug|Any CPU = Debug|Any CPU
		Release|Any CPU = Release|Any CPU
	EndGlobalSection
	GlobalSection(ProjectConfigurationPlatforms) = postSolution
		{9E5659F1-53EE-497C-85B2-D888228BBB64}.Debug|Any CPU.ActiveCfg = Debug|Any CPU
		{9E5659F1-53EE-497C-85B2-D888228BBB64}.Debug|Any CPU.Build.0 = Debug|Any CPU
		{9E5659F1-53EE-497C-85B2-D888228BBB64}.Release|Any CPU.ActiveCfg = Release|Any CPU
		{9E5659F1-53EE-497C-85B2-D888228BBB64}.Release|Any CPU.Build.0 = Release|Any CPU
		{C8B3B44D-1D3F-4732-986D-463DFF8BCA04}.Debug|Any CPU.ActiveCfg = Debug|Any CPU
		{C8B3B44D-1D3F-4732-986D-463DFF8BCA04}.Debug|Any CPU.Build.0 = Debug|Any CPU
		{C8B3B44D-1D3F-4732-986D-463DFF8BCA04}.Release|Any CPU.ActiveCfg = Release|Any CPU
		{C8B3B44D-1D3F-4732-986D-463DFF8BCA04}.Release|Any CPU.Build.0 = Release|Any CPU
		{F0F3CCE1-9148-47FA-9A10-EB6B28A18DB9}.Debug|Any CPU.ActiveCfg = Debug|Any CPU
		{F0F3CCE1-9148-47FA-9A10-EB6B28A18DB9}.Debug|Any CPU.Build.0 = Debug|Any CPU
		{F0F3CCE1-9148-47FA-9A10-EB6B28A18DB9}.Release|Any CPU.ActiveCfg = Release|Any CPU
		{F0F3CCE1-9148-47FA-9A10-EB6B28A18DB9}.Release|Any CPU.Build.0 = Release|Any CPU
	EndGlobalSection
	GlobalSection(SolutionProperties) = preSolution
		HideSolutionNode = FALSE
	EndGlobalSection
	GlobalSection(ExtensibilityGlobals) = postSolution
		SolutionGuid = {D629E1D4-D2CE-4C1B-8AD2-75BF05B86C7A}
	EndGlobalSection
EndGlobal
